// !$*UTF8*$!
{
	archiveVersion = 1;
	classes = {
	};
	objectVersion = 50;
	objects = {

/* Begin PBXBuildFile section */
		686BA93825F49C1700FA180F /* Calculator_testApp.swift in Sources */ = {isa = PBXBuildFile; fileRef = 686BA93725F49C1700FA180F /* Calculator_testApp.swift */; };
		686BA93A25F49C1700FA180F /* ContentView.swift in Sources */ = {isa = PBXBuildFile; fileRef = 686BA93925F49C1700FA180F /* ContentView.swift */; };
		686BA93C25F49C1900FA180F /* Assets.xcassets in Resources */ = {isa = PBXBuildFile; fileRef = 686BA93B25F49C1900FA180F /* Assets.xcassets */; };
		686BA93F25F49C1900FA180F /* Preview Assets.xcassets in Resources */ = {isa = PBXBuildFile; fileRef = 686BA93E25F49C1900FA180F /* Preview Assets.xcassets */; };
		686BA94A25F49C1900FA180F /* Calculator_testTests.swift in Sources */ = {isa = PBXBuildFile; fileRef = 686BA94925F49C1900FA180F /* Calculator_testTests.swift */; };
		686BA95525F49C1900FA180F /* Calculator_testUITests.swift in Sources */ = {isa = PBXBuildFile; fileRef = 686BA95425F49C1900FA180F /* Calculator_testUITests.swift */; };
/* End PBXBuildFile section */

/* Begin PBXContainerItemProxy section */
		686BA94625F49C1900FA180F /* PBXContainerItemProxy */ = {
			isa = PBXContainerItemProxy;
			containerPortal = 686BA92C25F49C1700FA180F /* Project object */;
			proxyType = 1;
			remoteGlobalIDString = 686BA93325F49C1700FA180F;
			remoteInfo = Calculator_test;
		};
		686BA95125F49C1900FA180F /* PBXContainerItemProxy */ = {
			isa = PBXContainerItemProxy;
			containerPortal = 686BA92C25F49C1700FA180F /* Project object */;
			proxyType = 1;
			remoteGlobalIDString = 686BA93325F49C1700FA180F;
			remoteInfo = Calculator_test;
		};
/* End PBXContainerItemProxy section */

/* Begin PBXFileReference section */
		686BA93425F49C1700FA180F /* Calculator_test.app */ = {isa = PBXFileReference; explicitFileType = wrapper.application; includeInIndex = 0; path = Calculator_test.app; sourceTree = BUILT_PRODUCTS_DIR; };
		686BA93725F49C1700FA180F /* Calculator_testApp.swift */ = {isa = PBXFileReference; lastKnownFileType = sourcecode.swift; path = Calculator_testApp.swift; sourceTree = "<group>"; };
		686BA93925F49C1700FA180F /* ContentView.swift */ = {isa = PBXFileReference; lastKnownFileType = sourcecode.swift; path = ContentView.swift; sourceTree = "<group>"; };
		686BA93B25F49C1900FA180F /* Assets.xcassets */ = {isa = PBXFileReference; lastKnownFileType = folder.assetcatalog; path = Assets.xcassets; sourceTree = "<group>"; };
		686BA93E25F49C1900FA180F /* Preview Assets.xcassets */ = {isa = PBXFileReference; lastKnownFileType = folder.assetcatalog; path = "Preview Assets.xcassets"; sourceTree = "<group>"; };
		686BA94025F49C1900FA180F /* Info.plist */ = {isa = PBXFileReference; lastKnownFileType = text.plist.xml; path = Info.plist; sourceTree = "<group>"; };
		686BA94525F49C1900FA180F /* Calculator_testTests.xctest */ = {isa = PBXFileReference; explicitFileType = wrapper.cfbundle; includeInIndex = 0; path = Calculator_testTests.xctest; sourceTree = BUILT_PRODUCTS_DIR; };
		686BA94925F49C1900FA180F /* Calculator_testTests.swift */ = {isa = PBXFileReference; lastKnownFileType = sourcecode.swift; path = Calculator_testTests.swift; sourceTree = "<group>"; };
		686BA94B25F49C1900FA180F /* Info.plist */ = {isa = PBXFileReference; lastKnownFileType = text.plist.xml; path = Info.plist; sourceTree = "<group>"; };
		686BA95025F49C1900FA180F /* Calculator_testUITests.xctest */ = {isa = PBXFileReference; explicitFileType = wrapper.cfbundle; includeInIndex = 0; path = Calculator_testUITests.xctest; sourceTree = BUILT_PRODUCTS_DIR; };
		686BA95425F49C1900FA180F /* Calculator_testUITests.swift */ = {isa = PBXFileReference; lastKnownFileType = sourcecode.swift; path = Calculator_testUITests.swift; sourceTree = "<group>"; };
		686BA95625F49C1900FA180F /* Info.plist */ = {isa = PBXFileReference; lastKnownFileType = text.plist.xml; path = Info.plist; sourceTree = "<group>"; };
/* End PBXFileReference section */

/* Begin PBXFrameworksBuildPhase section */
		686BA93125F49C1700FA180F /* Frameworks */ = {
			isa = PBXFrameworksBuildPhase;
			buildActionMask = 2147483647;
			files = (
			);
			runOnlyForDeploymentPostprocessing = 0;
		};
		686BA94225F49C1900FA180F /* Frameworks */ = {
			isa = PBXFrameworksBuildPhase;
			buildActionMask = 2147483647;
			files = (
			);
			runOnlyForDeploymentPostprocessing = 0;
		};
		686BA94D25F49C1900FA180F /* Frameworks */ = {
			isa = PBXFrameworksBuildPhase;
			buildActionMask = 2147483647;
			files = (
			);
			runOnlyForDeploymentPostprocessing = 0;
		};
/* End PBXFrameworksBuildPhase section */

/* Begin PBXGroup section */
		686BA92B25F49C1700FA180F = {
			isa = PBXGroup;
			children = (
				686BA93625F49C1700FA180F /* Calculator_test */,
				686BA94825F49C1900FA180F /* Calculator_testTests */,
				686BA95325F49C1900FA180F /* Calculator_testUITests */,
				686BA93525F49C1700FA180F /* Products */,
			);
			sourceTree = "<group>";
		};
		686BA93525F49C1700FA180F /* Products */ = {
			isa = PBXGroup;
			children = (
				686BA93425F49C1700FA180F /* Calculator_test.app */,
				686BA94525F49C1900FA180F /* Calculator_testTests.xctest */,
				686BA95025F49C1900FA180F /* Calculator_testUITests.xctest */,
			);
			name = Products;
			sourceTree = "<group>";
		};
		686BA93625F49C1700FA180F /* Calculator_test */ = {
			isa = PBXGroup;
			children = (
				686BA93725F49C1700FA180F /* Calculator_testApp.swift */,
				686BA93925F49C1700FA180F /* ContentView.swift */,
				686BA93B25F49C1900FA180F /* Assets.xcassets */,
				686BA94025F49C1900FA180F /* Info.plist */,
				686BA93D25F49C1900FA180F /* Preview Content */,
			);
			path = Calculator_test;
			sourceTree = "<group>";
		};
		686BA93D25F49C1900FA180F /* Preview Content */ = {
			isa = PBXGroup;
			children = (
				686BA93E25F49C1900FA180F /* Preview Assets.xcassets */,
			);
			path = "Preview Content";
			sourceTree = "<group>";
		};
		686BA94825F49C1900FA180F /* Calculator_testTests */ = {
			isa = PBXGroup;
			children = (
				686BA94925F49C1900FA180F /* Calculator_testTests.swift */,
				686BA94B25F49C1900FA180F /* Info.plist */,
			);
			path = Calculator_testTests;
			sourceTree = "<group>";
		};
		686BA95325F49C1900FA180F /* Calculator_testUITests */ = {
			isa = PBXGroup;
			children = (
				686BA95425F49C1900FA180F /* Calculator_testUITests.swift */,
				686BA95625F49C1900FA180F /* Info.plist */,
			);
			path = Calculator_testUITests;
			sourceTree = "<group>";
		};
/* End PBXGroup section */

/* Begin PBXNativeTarget section */
		686BA93325F49C1700FA180F /* Calculator_test */ = {
			isa = PBXNativeTarget;
			buildConfigurationList = 686BA95925F49C1900FA180F /* Build configuration list for PBXNativeTarget "Calculator_test" */;
			buildPhases = (
				686BA93025F49C1700FA180F /* Sources */,
				686BA93125F49C1700FA180F /* Frameworks */,
				686BA93225F49C1700FA180F /* Resources */,
			);
			buildRules = (
			);
			dependencies = (
			);
			name = Calculator_test;
			productName = Calculator_test;
			productReference = 686BA93425F49C1700FA180F /* Calculator_test.app */;
			productType = "com.apple.product-type.application";
		};
		686BA94425F49C1900FA180F /* Calculator_testTests */ = {
			isa = PBXNativeTarget;
			buildConfigurationList = 686BA95C25F49C1900FA180F /* Build configuration list for PBXNativeTarget "Calculator_testTests" */;
			buildPhases = (
				686BA94125F49C1900FA180F /* Sources */,
				686BA94225F49C1900FA180F /* Frameworks */,
				686BA94325F49C1900FA180F /* Resources */,
			);
			buildRules = (
			);
			dependencies = (
				686BA94725F49C1900FA180F /* PBXTargetDependency */,
			);
			name = Calculator_testTests;
			productName = Calculator_testTests;
			productReference = 686BA94525F49C1900FA180F /* Calculator_testTests.xctest */;
			productType = "com.apple.product-type.bundle.unit-test";
		};
		686BA94F25F49C1900FA180F /* Calculator_testUITests */ = {
			isa = PBXNativeTarget;
			buildConfigurationList = 686BA95F25F49C1900FA180F /* Build configuration list for PBXNativeTarget "Calculator_testUITests" */;
			buildPhases = (
				686BA94C25F49C1900FA180F /* Sources */,
				686BA94D25F49C1900FA180F /* Frameworks */,
				686BA94E25F49C1900FA180F /* Resources */,
			);
			buildRules = (
			);
			dependencies = (
				686BA95225F49C1900FA180F /* PBXTargetDependency */,
			);
			name = Calculator_testUITests;
			productName = Calculator_testUITests;
			productReference = 686BA95025F49C1900FA180F /* Calculator_testUITests.xctest */;
			productType = "com.apple.product-type.bundle.ui-testing";
		};
/* End PBXNativeTarget section */

/* Begin PBXProject section */
		686BA92C25F49C1700FA180F /* Project object */ = {
			isa = PBXProject;
			attributes = {
				LastSwiftUpdateCheck = 1230;
				LastUpgradeCheck = 1230;
				TargetAttributes = {
					686BA93325F49C1700FA180F = {
						CreatedOnToolsVersion = 12.3;
					};
					686BA94425F49C1900FA180F = {
						CreatedOnToolsVersion = 12.3;
						TestTargetID = 686BA93325F49C1700FA180F;
					};
					686BA94F25F49C1900FA180F = {
						CreatedOnToolsVersion = 12.3;
						TestTargetID = 686BA93325F49C1700FA180F;
					};
				};
			};
			buildConfigurationList = 686BA92F25F49C1700FA180F /* Build configuration list for PBXProject "Calculator_test" */;
			compatibilityVersion = "Xcode 9.3";
			developmentRegion = en;
			hasScannedForEncodings = 0;
			knownRegions = (
				en,
				Base,
			);
			mainGroup = 686BA92B25F49C1700FA180F;
			productRefGroup = 686BA93525F49C1700FA180F /* Products */;
			projectDirPath = "";
			projectRoot = "";
			targets = (
				686BA93325F49C1700FA180F /* Calculator_test */,
				686BA94425F49C1900FA180F /* Calculator_testTests */,
				686BA94F25F49C1900FA180F /* Calculator_testUITests */,
			);
		};
/* End PBXProject section */

/* Begin PBXResourcesBuildPhase section */
		686BA93225F49C1700FA180F /* Resources */ = {
			isa = PBXResourcesBuildPhase;
			buildActionMask = 2147483647;
			files = (
				686BA93F25F49C1900FA180F /* Preview Assets.xcassets in Resources */,
				686BA93C25F49C1900FA180F /* Assets.xcassets in Resources */,
			);
			runOnlyForDeploymentPostprocessing = 0;
		};
		686BA94325F49C1900FA180F /* Resources */ = {
			isa = PBXResourcesBuildPhase;
			buildActionMask = 2147483647;
			files = (
			);
			runOnlyForDeploymentPostprocessing = 0;
		};
		686BA94E25F49C1900FA180F /* Resources */ = {
			isa = PBXResourcesBuildPhase;
			buildActionMask = 2147483647;
			files = (
			);
			runOnlyForDeploymentPostprocessing = 0;
		};
/* End PBXResourcesBuildPhase section */

/* Begin PBXSourcesBuildPhase section */
		686BA93025F49C1700FA180F /* Sources */ = {
			isa = PBXSourcesBuildPhase;
			buildActionMask = 2147483647;
			files = (
				686BA93A25F49C1700FA180F /* ContentView.swift in Sources */,
				686BA93825F49C1700FA180F /* Calculator_testApp.swift in Sources */,
			);
			runOnlyForDeploymentPostprocessing = 0;
		};
		686BA94125F49C1900FA180F /* Sources */ = {
			isa = PBXSourcesBuildPhase;
			buildActionMask = 2147483647;
			files = (
				686BA94A25F49C1900FA180F /* Calculator_testTests.swift in Sources */,
			);
			runOnlyForDeploymentPostprocessing = 0;
		};
		686BA94C25F49C1900FA180F /* Sources */ = {
			isa = PBXSourcesBuildPhase;
			buildActionMask = 2147483647;
			files = (
				686BA95525F49C1900FA180F /* Calculator_testUITests.swift in Sources */,
			);
			runOnlyForDeploymentPostprocessing = 0;
		};
/* End PBXSourcesBuildPhase section */

/* Begin PBXTargetDependency section */
		686BA94725F49C1900FA180F /* PBXTargetDependency */ = {
			isa = PBXTargetDependency;
			target = 686BA93325F49C1700FA180F /* Calculator_test */;
			targetProxy = 686BA94625F49C1900FA180F /* PBXContainerItemProxy */;
		};
		686BA95225F49C1900FA180F /* PBXTargetDependency */ = {
			isa = PBXTargetDependency;
			target = 686BA93325F49C1700FA180F /* Calculator_test */;
			targetProxy = 686BA95125F49C1900FA180F /* PBXContainerItemProxy */;
		};
/* End PBXTargetDependency section */

/* Begin XCBuildConfiguration section */
		686BA95725F49C1900FA180F /* Debug */ = {
			isa = XCBuildConfiguration;
			buildSettings = {
				ALWAYS_SEARCH_USER_PATHS = NO;
				CLANG_ANALYZER_NONNULL = YES;
				CLANG_ANALYZER_NUMBER_OBJECT_CONVERSION = YES_AGGRESSIVE;
				CLANG_CXX_LANGUAGE_STANDARD = "gnu++14";
				CLANG_CXX_LIBRARY = "libc++";
				CLANG_ENABLE_MODULES = YES;
				CLANG_ENABLE_OBJC_ARC = YES;
				CLANG_ENABLE_OBJC_WEAK = YES;
				CLANG_WARN_BLOCK_CAPTURE_AUTORELEASING = YES;
				CLANG_WARN_BOOL_CONVERSION = YES;
				CLANG_WARN_COMMA = YES;
				CLANG_WARN_CONSTANT_CONVERSION = YES;
				CLANG_WARN_DEPRECATED_OBJC_IMPLEMENTATIONS = YES;
				CLANG_WARN_DIRECT_OBJC_ISA_USAGE = YES_ERROR;
				CLANG_WARN_DOCUMENTATION_COMMENTS = YES;
				CLANG_WARN_EMPTY_BODY = YES;
				CLANG_WARN_ENUM_CONVERSION = YES;
				CLANG_WARN_INFINITE_RECURSION = YES;
				CLANG_WARN_INT_CONVERSION = YES;
				CLANG_WARN_NON_LITERAL_NULL_CONVERSION = YES;
				CLANG_WARN_OBJC_IMPLICIT_RETAIN_SELF = YES;
				CLANG_WARN_OBJC_LITERAL_CONVERSION = YES;
				CLANG_WARN_OBJC_ROOT_CLASS = YES_ERROR;
				CLANG_WARN_QUOTED_INCLUDE_IN_FRAMEWORK_HEADER = YES;
				CLANG_WARN_RANGE_LOOP_ANALYSIS = YES;
				CLANG_WARN_STRICT_PROTOTYPES = YES;
				CLANG_WARN_SUSPICIOUS_MOVE = YES;
				CLANG_WARN_UNGUARDED_AVAILABILITY = YES_AGGRESSIVE;
				CLANG_WARN_UNREACHABLE_CODE = YES;
				CLANG_WARN__DUPLICATE_METHOD_MATCH = YES;
				COPY_PHASE_STRIP = NO;
				DEBUG_INFORMATION_FORMAT = dwarf;
				ENABLE_STRICT_OBJC_MSGSEND = YES;
				ENABLE_TESTABILITY = YES;
				GCC_C_LANGUAGE_STANDARD = gnu11;
				GCC_DYNAMIC_NO_PIC = NO;
				GCC_NO_COMMON_BLOCKS = YES;
				GCC_OPTIMIZATION_LEVEL = 0;
				GCC_PREPROCESSOR_DEFINITIONS = (
					"DEBUG=1",
					"$(inherited)",
				);
				GCC_WARN_64_TO_32_BIT_CONVERSION = YES;
				GCC_WARN_ABOUT_RETURN_TYPE = YES_ERROR;
				GCC_WARN_UNDECLARED_SELECTOR = YES;
				GCC_WARN_UNINITIALIZED_AUTOS = YES_AGGRESSIVE;
				GCC_WARN_UNUSED_FUNCTION = YES;
				GCC_WARN_UNUSED_VARIABLE = YES;
				IPHONEOS_DEPLOYMENT_TARGET = 14.3;
				MTL_ENABLE_DEBUG_INFO = INCLUDE_SOURCE;
				MTL_FAST_MATH = YES;
				ONLY_ACTIVE_ARCH = YES;
				SDKROOT = iphoneos;
				SWIFT_ACTIVE_COMPILATION_CONDITIONS = DEBUG;
				SWIFT_OPTIMIZATION_LEVEL = "-Onone";
			};
			name = Debug;
		};
		686BA95825F49C1900FA180F /* Release */ = {
			isa = XCBuildConfiguration;
			buildSettings = {
				ALWAYS_SEARCH_USER_PATHS = NO;
				CLANG_ANALYZER_NONNULL = YES;
				CLANG_ANALYZER_NUMBER_OBJECT_CONVERSION = YES_AGGRESSIVE;
				CLANG_CXX_LANGUAGE_STANDARD = "gnu++14";
				CLANG_CXX_LIBRARY = "libc++";
				CLANG_ENABLE_MODULES = YES;
				CLANG_ENABLE_OBJC_ARC = YES;
				CLANG_ENABLE_OBJC_WEAK = YES;
				CLANG_WARN_BLOCK_CAPTURE_AUTORELEASING = YES;
				CLANG_WARN_BOOL_CONVERSION = YES;
				CLANG_WARN_COMMA = YES;
				CLANG_WARN_CONSTANT_CONVERSION = YES;
				CLANG_WARN_DEPRECATED_OBJC_IMPLEMENTATIONS = YES;
				CLANG_WARN_DIRECT_OBJC_ISA_USAGE = YES_ERROR;
				CLANG_WARN_DOCUMENTATION_COMMENTS = YES;
				CLANG_WARN_EMPTY_BODY = YES;
				CLANG_WARN_ENUM_CONVERSION = YES;
				CLANG_WARN_INFINITE_RECURSION = YES;
				CLANG_WARN_INT_CONVERSION = YES;
				CLANG_WARN_NON_LITERAL_NULL_CONVERSION = YES;
				CLANG_WARN_OBJC_IMPLICIT_RETAIN_SELF = YES;
				CLANG_WARN_OBJC_LITERAL_CONVERSION = YES;
				CLANG_WARN_OBJC_ROOT_CLASS = YES_ERROR;
				CLANG_WARN_QUOTED_INCLUDE_IN_FRAMEWORK_HEADER = YES;
				CLANG_WARN_RANGE_LOOP_ANALYSIS = YES;
				CLANG_WARN_STRICT_PROTOTYPES = YES;
				CLANG_WARN_SUSPICIOUS_MOVE = YES;
				CLANG_WARN_UNGUARDED_AVAILABILITY = YES_AGGRESSIVE;
				CLANG_WARN_UNREACHABLE_CODE = YES;
				CLANG_WARN__DUPLICATE_METHOD_MATCH = YES;
				COPY_PHASE_STRIP = NO;
				DEBUG_INFORMATION_FORMAT = "dwarf-with-dsym";
				ENABLE_NS_ASSERTIONS = NO;
				ENABLE_STRICT_OBJC_MSGSEND = YES;
				GCC_C_LANGUAGE_STANDARD = gnu11;
				GCC_NO_COMMON_BLOCKS = YES;
				GCC_WARN_64_TO_32_BIT_CONVERSION = YES;
				GCC_WARN_ABOUT_RETURN_TYPE = YES_ERROR;
				GCC_WARN_UNDECLARED_SELECTOR = YES;
				GCC_WARN_UNINITIALIZED_AUTOS = YES_AGGRESSIVE;
				GCC_WARN_UNUSED_FUNCTION = YES;
				GCC_WARN_UNUSED_VARIABLE = YES;
				IPHONEOS_DEPLOYMENT_TARGET = 14.3;
				MTL_ENABLE_DEBUG_INFO = NO;
				MTL_FAST_MATH = YES;
				SDKROOT = iphoneos;
				SWIFT_COMPILATION_MODE = wholemodule;
				SWIFT_OPTIMIZATION_LEVEL = "-O";
				VALIDATE_PRODUCT = YES;
			};
			name = Release;
		};
		686BA95A25F49C1900FA180F /* Debug */ = {
			isa = XCBuildConfiguration;
			buildSettings = {
				ASSETCATALOG_COMPILER_APPICON_NAME = AppIcon;
				ASSETCATALOG_COMPILER_GLOBAL_ACCENT_COLOR_NAME = AccentColor;
				CODE_SIGN_STYLE = Automatic;
				DEVELOPMENT_ASSET_PATHS = "\"Calculator_test/Preview Content\"";
				ENABLE_PREVIEWS = YES;
				INFOPLIST_FILE = Calculator_test/Info.plist;
				IPHONEOS_DEPLOYMENT_TARGET = 14.0;
				LD_RUNPATH_SEARCH_PATHS = (
					"$(inherited)",
					"@executable_path/Frameworks",
				);
				PRODUCT_BUNDLE_IDENTIFIER = "com.example.Calculator-test";
				PRODUCT_NAME = "$(TARGET_NAME)";
				SWIFT_VERSION = 5.0;
				TARGETED_DEVICE_FAMILY = "1,2";
			};
			name = Debug;
		};
		686BA95B25F49C1900FA180F /* Release */ = {
			isa = XCBuildConfiguration;
			buildSettings = {
				ASSETCATALOG_COMPILER_APPICON_NAME = AppIcon;
				ASSETCATALOG_COMPILER_GLOBAL_ACCENT_COLOR_NAME = AccentColor;
				CODE_SIGN_STYLE = Automatic;
				DEVELOPMENT_ASSET_PATHS = "\"Calculator_test/Preview Content\"";
				ENABLE_PREVIEWS = YES;
				INFOPLIST_FILE = Calculator_test/Info.plist;
				IPHONEOS_DEPLOYMENT_TARGET = 14.0;
				LD_RUNPATH_SEARCH_PATHS = (
					"$(inherited)",
					"@executable_path/Frameworks",
				);
				PRODUCT_BUNDLE_IDENTIFIER = "com.example.Calculator-test";
				PRODUCT_NAME = "$(TARGET_NAME)";
				SWIFT_VERSION = 5.0;
				TARGETED_DEVICE_FAMILY = "1,2";
			};
			name = Release;
		};
		686BA95D25F49C1900FA180F /* Debug */ = {
			isa = XCBuildConfiguration;
			buildSettings = {
				ALWAYS_EMBED_SWIFT_STANDARD_LIBRARIES = YES;
				BUNDLE_LOADER = "$(TEST_HOST)";
				CODE_SIGN_STYLE = Automatic;
				INFOPLIST_FILE = Calculator_testTests/Info.plist;
				IPHONEOS_DEPLOYMENT_TARGET = 14.0;
				LD_RUNPATH_SEARCH_PATHS = (
					"$(inherited)",
					"@executable_path/Frameworks",
					"@loader_path/Frameworks",
				);
				PRODUCT_BUNDLE_IDENTIFIER = "com.example.Calculator-testTests";
				PRODUCT_NAME = "$(TARGET_NAME)";
				SWIFT_VERSION = 5.0;
				TARGETED_DEVICE_FAMILY = "1,2";
				TEST_HOST = "$(BUILT_PRODUCTS_DIR)/Calculator_test.app/Calculator_test";
			};
			name = Debug;
		};
		686BA95E25F49C1900FA180F /* Release */ = {
			isa = XCBuildConfiguration;
			buildSettings = {
				ALWAYS_EMBED_SWIFT_STANDARD_LIBRARIES = YES;
				BUNDLE_LOADER = "$(TEST_HOST)";
				CODE_SIGN_STYLE = Automatic;
				INFOPLIST_FILE = Calculator_testTests/Info.plist;
				IPHONEOS_DEPLOYMENT_TARGET = 14.0;
				LD_RUNPATH_SEARCH_PATHS = (
					"$(inherited)",
					"@executable_path/Frameworks",
					"@loader_path/Frameworks",
				);
				PRODUCT_BUNDLE_IDENTIFIER = "com.example.Calculator-testTests";
				PRODUCT_NAME = "$(TARGET_NAME)";
				SWIFT_VERSION = 5.0;
				TARGETED_DEVICE_FAMILY = "1,2";
				TEST_HOST = "$(BUILT_PRODUCTS_DIR)/Calculator_test.app/Calculator_test";
			};
			name = Release;
		};
		686BA96025F49C1900FA180F /* Debug */ = {
			isa = XCBuildConfiguration;
			buildSettings = {
				ALWAYS_EMBED_SWIFT_STANDARD_LIBRARIES = YES;
				CODE_SIGN_STYLE = Automatic;
				INFOPLIST_FILE = Calculator_testUITests/Info.plist;
				LD_RUNPATH_SEARCH_PATHS = (
					"$(inherited)",
					"@executable_path/Frameworks",
					"@loader_path/Frameworks",
				);
				PRODUCT_BUNDLE_IDENTIFIER = "com.example.Calculator-testUITests";
				PRODUCT_NAME = "$(TARGET_NAME)";
				SWIFT_VERSION = 5.0;
				TARGETED_DEVICE_FAMILY = "1,2";
				TEST_TARGET_NAME = Calculator_test;
			};
			name = Debug;
		};
		686BA96125F49C1900FA180F /* Release */ = {
			isa = XCBuildConfiguration;
			buildSettings = {
				ALWAYS_EMBED_SWIFT_STANDARD_LIBRARIES = YES;
				CODE_SIGN_STYLE = Automatic;
				INFOPLIST_FILE = Calculator_testUITests/Info.plist;
				LD_RUNPATH_SEARCH_PATHS = (
					"$(inherited)",
					"@executable_path/Frameworks",
					"@loader_path/Frameworks",
				);
				PRODUCT_BUNDLE_IDENTIFIER = "com.example.Calculator-testUITests";
				PRODUCT_NAME = "$(TARGET_NAME)";
				SWIFT_VERSION = 5.0;
				TARGETED_DEVICE_FAMILY = "1,2";
				TEST_TARGET_NAME = Calculator_test;
			};
			name = Release;
		};
/* End XCBuildConfiguration section */

/* Begin XCConfigurationList section */
		686BA92F25F49C1700FA180F /* Build configuration list for PBXProject "Calculator_test" */ = {
			isa = XCConfigurationList;
			buildConfigurations = (
				686BA95725F49C1900FA180F /* Debug */,
				686BA95825F49C1900FA180F /* Release */,
			);
			defaultConfigurationIsVisible = 0;
			defaultConfigurationName = Release;
		};
		686BA95925F49C1900FA180F /* Build configuration list for PBXNativeTarget "Calculator_test" */ = {
			isa = XCConfigurationList;
			buildConfigurations = (
				686BA95A25F49C1900FA180F /* Debug */,
				686BA95B25F49C1900FA180F /* Release */,
			);
			defaultConfigurationIsVisible = 0;
			defaultConfigurationName = Release;
		};
		686BA95C25F49C1900FA180F /* Build configuration list for PBXNativeTarget "Calculator_testTests" */ = {
			isa = XCConfigurationList;
			buildConfigurations = (
				686BA95D25F49C1900FA180F /* Debug */,
				686BA95E25F49C1900FA180F /* Release */,
			);
			defaultConfigurationIsVisible = 0;
			defaultConfigurationName = Release;
		};
		686BA95F25F49C1900FA180F /* Build configuration list for PBXNativeTarget "Calculator_testUITests" */ = {
			isa = XCConfigurationList;
			buildConfigurations = (
				686BA96025F49C1900FA180F /* Debug */,
				686BA96125F49C1900FA180F /* Release */,
			);
			defaultConfigurationIsVisible = 0;
			defaultConfigurationName = Release;
		};
/* End XCConfigurationList section */
	};
	rootObject = 686BA92C25F49C1700FA180F /* Project object */;
}
